
Microsoft Visual Studio Solution File, Format Version 12.00
# Visual Studio Version 16
VisualStudioVersion = 16.0.29911.84
MinimumVisualStudioVersion = 10.0.40219.1
Project("{8BC9CEB8-8B4A-11D0-8D11-00A0C91BC942}") = "Plotter", "Plotter.vcxproj", "{4B161105-ED1F-4353-B91B-BD9629A4F999}"
EndProject
Global
	GlobalSection(SolutionConfigurationPlatforms) = preSolution
		Debug|x64 = Debug|x64
		Debug|x86 = Debug|x86
		Release|x64 = Release|x64
		Release|x86 = Release|x86
	EndGlobalSection
	GlobalSection(ProjectConfigurationPlatforms) = postSolution
		{4B161105-ED1F-4353-B91B-BD9629A4F999}.Debug|x64.ActiveCfg = Debug|x64
		{4B161105-ED1F-4353-B91B-BD9629A4F999}.Debug|x64.Build.0 = Debug|x64
		{4B161105-ED1F-4353-B91B-BD9629A4F999}.Debug|x86.ActiveCfg = Debug|Win32
		{4B161105-ED1F-4353-B91B-BD9629A4F999}.Debug|x86.Build.0 = Debug|Win32
		{4B161105-ED1F-4353-B91B-BD9629A4F999}.Release|x64.ActiveCfg = Release|x64
		{4B161105-ED1F-4353-B91B-BD9629A4F999}.Release|x64.Build.0 = Release|x64
		{4B161105-ED1F-4353-B91B-BD9629A4F999}.Release|x86.ActiveCfg = Release|Win32
		{4B161105-ED1F-4353-B91B-BD9629A4F999}.Release|x86.Build.0 = Release|Win32
	EndGlobalSection
	GlobalSection(SolutionProperties) = preSolution
		HideSolutionNode = FALSE
	EndGlobalSection
	GlobalSection(ExtensibilityGlobals) = postSolution
		SolutionGuid = {8F423B53-9BF1-4A49-B61E-E01A6B98C85D}
	EndGlobalSection
EndGlobal
